// !$*UTF8*$!
{
	archiveVersion = 1;
	classes = {
	};
	objectVersion = 56;
	objects = {

/* Begin PBXBuildFile section */
		3A1000010000000000000001 /* ChatStreamingDemoApp.swift in Sources */ = {isa = PBXBuildFile; fileRef = 3A2000010000000000000001 /* ChatStreamingDemoApp.swift */; };
		3A1000010000000000000002 /* AppDependencies.swift in Sources */ = {isa = PBXBuildFile; fileRef = 3A2000010000000000000002 /* AppDependencies.swift */; };
		3A1000010000000000000003 /* RootTabView.swift in Sources */ = {isa = PBXBuildFile; fileRef = 3A2000010000000000000003 /* RootTabView.swift */; };
		3A1000010000000000000004 /* ChatMessage.swift in Sources */ = {isa = PBXBuildFile; fileRef = 3A2000010000000000000004 /* ChatMessage.swift */; };
		3A1000010000000000000005 /* ChatDemoView.swift in Sources */ = {isa = PBXBuildFile; fileRef = 3A2000010000000000000005 /* ChatDemoView.swift */; };
		3A1000010000000000000006 /* ChatDemoViewModel.swift in Sources */ = {isa = PBXBuildFile; fileRef = 3A2000010000000000000006 /* ChatDemoViewModel.swift */; };
		3A1000010000000000000007 /* HealthKitDemoView.swift in Sources */ = {isa = PBXBuildFile; fileRef = 3A2000010000000000000007 /* HealthKitDemoView.swift */; };
		3A1000010000000000000008 /* UploadRecoveryDemoView.swift in Sources */ = {isa = PBXBuildFile; fileRef = 3A2000010000000000000008 /* UploadRecoveryDemoView.swift */; };
		3A1000010000000000000009 /* DemoStreamScript.swift in Sources */ = {isa = PBXBuildFile; fileRef = 3A2000010000000000000009 /* DemoStreamScript.swift */; };
		3A100001000000000000000A /* DemoConversationService.swift in Sources */ = {isa = PBXBuildFile; fileRef = 3A200001000000000000000A /* DemoConversationService.swift */; };
		3A100001000000000000000B /* SSEAIStreamingSample in Frameworks */ = {isa = PBXBuildFile; productRef = 3A5000010000000000000001 /* SSEAIStreamingSample */; };
/* End PBXBuildFile section */

/* Begin PBXFileReference section */
		3A2000010000000000000001 /* ChatStreamingDemoApp.swift */ = {isa = PBXFileReference; lastKnownFileType = sourcecode.swift; path = ChatStreamingDemoApp.swift; sourceTree = "<group>"; };
		3A2000010000000000000002 /* AppDependencies.swift */ = {isa = PBXFileReference; lastKnownFileType = sourcecode.swift; path = AppDependencies.swift; sourceTree = "<group>"; };
		3A2000010000000000000003 /* RootTabView.swift */ = {isa = PBXFileReference; lastKnownFileType = sourcecode.swift; path = RootTabView.swift; sourceTree = "<group>"; };
		3A2000010000000000000004 /* ChatMessage.swift */ = {isa = PBXFileReference; lastKnownFileType = sourcecode.swift; path = ChatMessage.swift; sourceTree = "<group>"; };
		3A2000010000000000000005 /* ChatDemoView.swift */ = {isa = PBXFileReference; lastKnownFileType = sourcecode.swift; path = ChatDemoView.swift; sourceTree = "<group>"; };
		3A2000010000000000000006 /* ChatDemoViewModel.swift */ = {isa = PBXFileReference; lastKnownFileType = sourcecode.swift; path = ChatDemoViewModel.swift; sourceTree = "<group>"; };
		3A2000010000000000000007 /* HealthKitDemoView.swift */ = {isa = PBXFileReference; lastKnownFileType = sourcecode.swift; path = HealthKitDemoView.swift; sourceTree = "<group>"; };
		3A2000010000000000000008 /* UploadRecoveryDemoView.swift */ = {isa = PBXFileReference; lastKnownFileType = sourcecode.swift; path = UploadRecoveryDemoView.swift; sourceTree = "<group>"; };
		3A2000010000000000000009 /* DemoStreamScript.swift */ = {isa = PBXFileReference; lastKnownFileType = sourcecode.swift; path = DemoStreamScript.swift; sourceTree = "<group>"; };
		3A200001000000000000000A /* DemoConversationService.swift */ = {isa = PBXFileReference; lastKnownFileType = sourcecode.swift; path = DemoConversationService.swift; sourceTree = "<group>"; };
		3A20000100000000000000FF /* ChatStreamingDemo.app */ = {isa = PBXFileReference; explicitFileType = wrapper.application; includeInIndex = 0; path = ChatStreamingDemo.app; sourceTree = BUILT_PRODUCTS_DIR; };
/* End PBXFileReference section */

/* Begin PBXFrameworksBuildPhase section */
		3A3000010000000000000001 /* Frameworks */ = {
			isa = PBXFrameworksBuildPhase;
			buildActionMask = 2147483647;
			files = (
				3A100001000000000000000B /* SSEAIStreamingSample in Frameworks */,
			);
			runOnlyForDeploymentPostprocessing = 0;
		};
/* End PBXFrameworksBuildPhase section */

/* Begin PBXGroup section */
		3A4000010000000000000001 = {
			isa = PBXGroup;
			children = (
				3A4000010000000000000002 /* ChatStreamingDemo */,
				3A4000010000000000000003 /* Products */,
			);
			sourceTree = "<group>";
		};
		3A4000010000000000000002 /* ChatStreamingDemo */ = {
			isa = PBXGroup;
			children = (
				3A2000010000000000000001 /* ChatStreamingDemoApp.swift */,
				3A4000010000000000000004 /* App */,
				3A4000010000000000000005 /* Navigation */,
				3A4000010000000000000006 /* Features */,
				3A4000010000000000000007 /* Services */,
			);
			path = ChatStreamingDemo;
			sourceTree = "<group>";
		};
		3A4000010000000000000003 /* Products */ = {
			isa = PBXGroup;
			children = (
				3A20000100000000000000FF /* ChatStreamingDemo.app */,
			);
			name = Products;
			sourceTree = "<group>";
		};
		3A4000010000000000000004 /* App */ = {
			isa = PBXGroup;
			children = (
				3A2000010000000000000002 /* AppDependencies.swift */,
			);
			path = App;
			sourceTree = "<group>";
		};
		3A4000010000000000000005 /* Navigation */ = {
			isa = PBXGroup;
			children = (
				3A2000010000000000000003 /* RootTabView.swift */,
			);
			path = Navigation;
			sourceTree = "<group>";
		};
		3A4000010000000000000006 /* Features */ = {
			isa = PBXGroup;
			children = (
				3A4000010000000000000008 /* Chat */,
				3A4000010000000000000009 /* Health */,
				3A400001000000000000000A /* Upload */,
			);
			path = Features;
			sourceTree = "<group>";
		};
		3A4000010000000000000007 /* Services */ = {
			isa = PBXGroup;
			children = (
				3A2000010000000000000009 /* DemoStreamScript.swift */,
				3A200001000000000000000A /* DemoConversationService.swift */,
			);
			path = Services;
			sourceTree = "<group>";
		};
		3A4000010000000000000008 /* Chat */ = {
			isa = PBXGroup;
			children = (
				3A2000010000000000000004 /* ChatMessage.swift */,
				3A2000010000000000000005 /* ChatDemoView.swift */,
				3A2000010000000000000006 /* ChatDemoViewModel.swift */,
			);
			path = Chat;
			sourceTree = "<group>";
		};
		3A4000010000000000000009 /* Health */ = {
			isa = PBXGroup;
			children = (
				3A2000010000000000000007 /* HealthKitDemoView.swift */,
			);
			path = Health;
			sourceTree = "<group>";
		};
		3A400001000000000000000A /* Upload */ = {
			isa = PBXGroup;
			children = (
				3A2000010000000000000008 /* UploadRecoveryDemoView.swift */,
			);
			path = Upload;
			sourceTree = "<group>";
		};
/* End PBXGroup section */

/* Begin PBXNativeTarget section */
		3A6000010000000000000001 /* ChatStreamingDemo */ = {
			isa = PBXNativeTarget;
			buildConfigurationList = 3A7000010000000000000003 /* Build configuration list for PBXNativeTarget "ChatStreamingDemo" */;
			buildPhases = (
				3A6000010000000000000002 /* Sources */,
				3A3000010000000000000001 /* Frameworks */,
			);
			buildRules = (
			);
			dependencies = (
			);
			name = ChatStreamingDemo;
			packageProductDependencies = (
				3A5000010000000000000001 /* SSEAIStreamingSample */,
			);
			productName = ChatStreamingDemo;
			productReference = 3A20000100000000000000FF /* ChatStreamingDemo.app */;
			productType = "com.apple.product-type.application";
		};
/* End PBXNativeTarget section */

/* Begin PBXProject section */
		3A8000010000000000000001 /* Project object */ = {
			isa = PBXProject;
			attributes = {
				BuildIndependentTargetsInParallel = 1;
				LastSwiftUpdateCheck = 1500;
				LastUpgradeCheck = 1500;
				TargetAttributes = {
					3A6000010000000000000001 = {
						CreatedOnToolsVersion = 15.0;
					};
				};
			};
			buildConfigurationList = 3A7000010000000000000001 /* Build configuration list for PBXProject "ChatStreamingDemo" */;
			compatibilityVersion = "Xcode 14.0";
			developmentRegion = en;
			hasScannedForEncodings = 0;
			knownRegions = (
				en,
				Base,
			);
			mainGroup = 3A4000010000000000000001;
			packageReferences = (
				3A9000010000000000000001 /* XCLocalSwiftPackageReference "../.." */,
			);
			productRefGroup = 3A4000010000000000000003 /* Products */;
			projectDirPath = "";
			projectRoot = "";
			targets = (
				3A6000010000000000000001 /* ChatStreamingDemo */,
			);
		};
/* End PBXProject section */

/* Begin PBXSourcesBuildPhase section */
		3A6000010000000000000002 /* Sources */ = {
			isa = PBXSourcesBuildPhase;
			buildActionMask = 2147483647;
			files = (
				3A1000010000000000000001 /* ChatStreamingDemoApp.swift in Sources */,
				3A1000010000000000000002 /* AppDependencies.swift in Sources */,
				3A1000010000000000000003 /* RootTabView.swift in Sources */,
				3A1000010000000000000004 /* ChatMessage.swift in Sources */,
				3A1000010000000000000005 /* ChatDemoView.swift in Sources */,
				3A1000010000000000000006 /* ChatDemoViewModel.swift in Sources */,
				3A1000010000000000000007 /* HealthKitDemoView.swift in Sources */,
				3A1000010000000000000008 /* UploadRecoveryDemoView.swift in Sources */,
				3A1000010000000000000009 /* DemoStreamScript.swift in Sources */,
				3A100001000000000000000A /* DemoConversationService.swift in Sources */,
			);
			runOnlyForDeploymentPostprocessing = 0;
		};
/* End PBXSourcesBuildPhase section */

/* Begin XCBuildConfiguration section */
		3A7000010000000000000004 /* Debug */ = {
			isa = XCBuildConfiguration;
			buildSettings = {
				ALWAYS_SEARCH_USER_PATHS = NO;
				CLANG_ENABLE_MODULES = YES;
				COPY_PHASE_STRIP = NO;
				DEBUG_INFORMATION_FORMAT = dwarf;
				GCC_DYNAMIC_NO_PIC = NO;
				GCC_OPTIMIZATION_LEVEL = 0;
				IPHONEOS_DEPLOYMENT_TARGET = 17.0;
				ONLY_ACTIVE_ARCH = YES;
				SDKROOT = iphoneos;
				SWIFT_ACTIVE_COMPILATION_CONDITIONS = DEBUG;
				SWIFT_OPTIMIZATION_LEVEL = "-Onone";
			};
			name = Debug;
		};
		3A7000010000000000000005 /* Release */ = {
			isa = XCBuildConfiguration;
			buildSettings = {
				ALWAYS_SEARCH_USER_PATHS = NO;
				CLANG_ENABLE_MODULES = YES;
				COPY_PHASE_STRIP = NO;
				IPHONEOS_DEPLOYMENT_TARGET = 17.0;
				SDKROOT = iphoneos;
				SWIFT_COMPILATION_MODE = wholemodule;
				VALIDATE_PRODUCT = YES;
			};
			name = Release;
		};
		3A7000010000000000000006 /* Debug */ = {
			isa = XCBuildConfiguration;
			buildSettings = {
				CODE_SIGN_STYLE = Automatic;
				CURRENT_PROJECT_VERSION = 1;
				DEVELOPMENT_TEAM = "";
				GENERATE_INFOPLIST_FILE = YES;
				INFOPLIST_KEY_UIApplicationSceneManifest_Generation = YES;
				INFOPLIST_KEY_UILaunchScreen_Generation = YES;
				INFOPLIST_KEY_UISupportedInterfaceOrientations = UIInterfaceOrientationPortrait;
				LD_RUNPATH_SEARCH_PATHS = (
					"$(inherited)",
					"@executable_path/Frameworks",
				);
				MARKETING_VERSION = 1.0;
				PRODUCT_BUNDLE_IDENTIFIER = com.oleksandrmetelev.ChatStreamingDemo;
				PRODUCT_NAME = "$(TARGET_NAME)";
				SWIFT_EMIT_LOC_STRINGS = YES;
				SWIFT_VERSION = 5.0;
				TARGETED_DEVICE_FAMILY = "1,2";
			};
			name = Debug;
		};
		3A7000010000000000000007 /* Release */ = {
			isa = XCBuildConfiguration;
			buildSettings = {
				CODE_SIGN_STYLE = Automatic;
				CURRENT_PROJECT_VERSION = 1;
				DEVELOPMENT_TEAM = "";
				GENERATE_INFOPLIST_FILE = YES;
				INFOPLIST_KEY_UIApplicationSceneManifest_Generation = YES;
				INFOPLIST_KEY_UILaunchScreen_Generation = YES;
				INFOPLIST_KEY_UISupportedInterfaceOrientations = UIInterfaceOrientationPortrait;
				LD_RUNPATH_SEARCH_PATHS = (
					"$(inherited)",
					"@executable_path/Frameworks",
				);
				MARKETING_VERSION = 1.0;
				PRODUCT_BUNDLE_IDENTIFIER = com.oleksandrmetelev.ChatStreamingDemo;
				PRODUCT_NAME = "$(TARGET_NAME)";
				SWIFT_EMIT_LOC_STRINGS = YES;
				SWIFT_VERSION = 5.0;
				TARGETED_DEVICE_FAMILY = "1,2";
			};
			name = Release;
		};
/* End XCBuildConfiguration section */

/* Begin XCConfigurationList section */
		3A7000010000000000000001 /* Build configuration list for PBXProject "ChatStreamingDemo" */ = {
			isa = XCConfigurationList;
			buildConfigurations = (
				3A7000010000000000000004 /* Debug */,
				3A7000010000000000000005 /* Release */,
			);
			defaultConfigurationIsVisible = 0;
			defaultConfigurationName = Release;
		};
		3A7000010000000000000003 /* Build configuration list for PBXNativeTarget "ChatStreamingDemo" */ = {
			isa = XCConfigurationList;
			buildConfigurations = (
				3A7000010000000000000006 /* Debug */,
				3A7000010000000000000007 /* Release */,
			);
			defaultConfigurationIsVisible = 0;
			defaultConfigurationName = Release;
		};
/* End XCConfigurationList section */

/* Begin XCLocalSwiftPackageReference section */
		3A9000010000000000000001 /* XCLocalSwiftPackageReference "../.." */ = {
			isa = XCLocalSwiftPackageReference;
			relativePath = ../..;
		};
/* End XCLocalSwiftPackageReference section */

/* Begin XCSwiftPackageProductDependency section */
		3A5000010000000000000001 /* SSEAIStreamingSample */ = {
			isa = XCSwiftPackageProductDependency;
			package = 3A9000010000000000000001 /* XCLocalSwiftPackageReference "../.." */;
			productName = SSEAIStreamingSample;
		};
/* End XCSwiftPackageProductDependency section */
	};
	rootObject = 3A8000010000000000000001 /* Project object */;
}
